
Microsoft Visual Studio Solution File, Format Version 12.00
# Visual Studio Version 16
VisualStudioVersion = 16.0.30803.129
MinimumVisualStudioVersion = 10.0.40219.1
Project("{FAE04EC0-301F-11D3-BF4B-00C04F79EFBC}") = "SourceLiner", "SourceLiner.csproj", "{F115B24A-C40B-490B-B113-0ED0BA66A22F}"
EndProject
Global
	GlobalSection(SolutionConfigurationPlatforms) = preSolution
		Debug|Any CPU = Debug|Any CPU
		Release|Any CPU = Release|Any CPU
	EndGlobalSection
	GlobalSection(ProjectConfigurationPlatforms) = postSolution
		{F115B24A-C40B-490B-B113-0ED0BA66A22F}.Debug|Any CPU.ActiveCfg = Debug|Any CPU
		{F115B24A-C40B-490B-B113-0ED0BA66A22F}.Debug|Any CPU.Build.0 = Debug|Any CPU
		{F115B24A-C40B-490B-B113-0ED0BA66A22F}.Release|Any CPU.ActiveCfg = Release|Any CPU
		{F115B24A-C40B-490B-B113-0ED0BA66A22F}.Release|Any CPU.Build.0 = Release|Any CPU
	EndGlobalSection
	GlobalSection(SolutionProperties) = preSolution
		HideSolutionNode = FALSE
	EndGlobalSection
	GlobalSection(ExtensibilityGlobals) = postSolution
		SolutionGuid = {45B29D12-8873-46C4-9CF8-347FA6AC2063}
	EndGlobalSection
EndGlobal
